
Microsoft Visual Studio Solution File, Format Version 12.00
# Visual Studio Version 17
VisualStudioVersion = 17.7.34024.191
MinimumVisualStudioVersion = 10.0.40219.1
Project("{8BC9CEB8-8B4A-11D0-8D11-00A0C91BC942}") = "3-5 Milestone Beginning a 3D Scene", "3-5 Milestone Beginning a 3D Scene\3-5 Milestone Beginning a 3D Scene.vcxproj", "{D41212E5-DDD8-479A-846C-A6EFFF3FC834}"
EndProject
Global
	GlobalSection(SolutionConfigurationPlatforms) = preSolution
		Debug|x64 = Debug|x64
		Debug|x86 = Debug|x86
		Release|x64 = Release|x64
		Release|x86 = Release|x86
	EndGlobalSection
	GlobalSection(ProjectConfigurationPlatforms) = postSolution
		{D41212E5-DDD8-479A-846C-A6EFFF3FC834}.Debug|x64.ActiveCfg = Debug|x64
		{D41212E5-DDD8-479A-846C-A6EFFF3FC834}.Debug|x64.Build.0 = Debug|x64
		{D41212E5-DDD8-479A-846C-A6EFFF3FC834}.Debug|x86.ActiveCfg = Debug|Win32
		{D41212E5-DDD8-479A-846C-A6EFFF3FC834}.Debug|x86.Build.0 = Debug|Win32
		{D41212E5-DDD8-479A-846C-A6EFFF3FC834}.Release|x64.ActiveCfg = Release|x64
		{D41212E5-DDD8-479A-846C-A6EFFF3FC834}.Release|x64.Build.0 = Release|x64
		{D41212E5-DDD8-479A-846C-A6EFFF3FC834}.Release|x86.ActiveCfg = Release|Win32
		{D41212E5-DDD8-479A-846C-A6EFFF3FC834}.Release|x86.Build.0 = Release|Win32
	EndGlobalSection
	GlobalSection(SolutionProperties) = preSolution
		HideSolutionNode = FALSE
	EndGlobalSection
	GlobalSection(ExtensibilityGlobals) = postSolution
		SolutionGuid = {0D5A8DCD-CAE7-41CD-A17C-B62EE99D71B4}
	EndGlobalSection
EndGlobal
