
Microsoft Visual Studio Solution File, Format Version 12.00
# Visual Studio Version 17
VisualStudioVersion = 17.7.34202.233
MinimumVisualStudioVersion = 10.0.40219.1
Project("{8BC9CEB8-8B4A-11D0-8D11-00A0C91BC942}") = "8-3 Assignment Coding Collisions", "8-3 Assignment Coding Collisions\8-3 Assignment Coding Collisions.vcxproj", "{F8CE762F-4771-4166-9CBF-819A838E19F4}"
EndProject
Global
	GlobalSection(SolutionConfigurationPlatforms) = preSolution
		Debug|x64 = Debug|x64
		Debug|x86 = Debug|x86
		Release|x64 = Release|x64
		Release|x86 = Release|x86
	EndGlobalSection
	GlobalSection(ProjectConfigurationPlatforms) = postSolution
		{F8CE762F-4771-4166-9CBF-819A838E19F4}.Debug|x64.ActiveCfg = Debug|x64
		{F8CE762F-4771-4166-9CBF-819A838E19F4}.Debug|x64.Build.0 = Debug|x64
		{F8CE762F-4771-4166-9CBF-819A838E19F4}.Debug|x86.ActiveCfg = Debug|Win32
		{F8CE762F-4771-4166-9CBF-819A838E19F4}.Debug|x86.Build.0 = Debug|Win32
		{F8CE762F-4771-4166-9CBF-819A838E19F4}.Release|x64.ActiveCfg = Release|x64
		{F8CE762F-4771-4166-9CBF-819A838E19F4}.Release|x64.Build.0 = Release|x64
		{F8CE762F-4771-4166-9CBF-819A838E19F4}.Release|x86.ActiveCfg = Release|Win32
		{F8CE762F-4771-4166-9CBF-819A838E19F4}.Release|x86.Build.0 = Release|Win32
	EndGlobalSection
	GlobalSection(SolutionProperties) = preSolution
		HideSolutionNode = FALSE
	EndGlobalSection
	GlobalSection(ExtensibilityGlobals) = postSolution
		SolutionGuid = {46C058DD-B856-4762-9A03-7936514DEA84}
	EndGlobalSection
EndGlobal
